
Microsoft Visual Studio Solution File, Format Version 12.00
# Visual Studio Version 16
VisualStudioVersion = 16.0.29123.88
MinimumVisualStudioVersion = 10.0.40219.1
Project("{FAE04EC0-301F-11D3-BF4B-00C04F79EFBC}") = "WebFerreteria", "WebFerreteria\WebFerreteria.csproj", "{AFAF04BF-AC8C-4086-AD95-A6BEA4D5F2DA}"
EndProject
Global
	GlobalSection(SolutionConfigurationPlatforms) = preSolution
		Debug|Any CPU = Debug|Any CPU
		Release|Any CPU = Release|Any CPU
	EndGlobalSection
	GlobalSection(ProjectConfigurationPlatforms) = postSolution
		{AFAF04BF-AC8C-4086-AD95-A6BEA4D5F2DA}.Debug|Any CPU.ActiveCfg = Debug|Any CPU
		{AFAF04BF-AC8C-4086-AD95-A6BEA4D5F2DA}.Debug|Any CPU.Build.0 = Debug|Any CPU
		{AFAF04BF-AC8C-4086-AD95-A6BEA4D5F2DA}.Release|Any CPU.ActiveCfg = Release|Any CPU
		{AFAF04BF-AC8C-4086-AD95-A6BEA4D5F2DA}.Release|Any CPU.Build.0 = Release|Any CPU
	EndGlobalSection
	GlobalSection(SolutionProperties) = preSolution
		HideSolutionNode = FALSE
	EndGlobalSection
	GlobalSection(ExtensibilityGlobals) = postSolution
		SolutionGuid = {627F86C3-8268-41E4-AE6E-80CD667C60DF}
	EndGlobalSection
EndGlobal
